
Microsoft Visual Studio Solution File, Format Version 12.00
# Visual Studio Version 17
VisualStudioVersion = 17.7.34221.43
MinimumVisualStudioVersion = 10.0.40219.1
Project("{FAE04EC0-301F-11D3-BF4B-00C04F79EFBC}") = "BorneLaPoste", "BorneLaPoste\BorneLaPoste.csproj", "{77C84BE5-C938-4C77-BE98-99A1F7C1DE13}"
EndProject
Global
	GlobalSection(SolutionConfigurationPlatforms) = preSolution
		Debug|Any CPU = Debug|Any CPU
		Release|Any CPU = Release|Any CPU
	EndGlobalSection
	GlobalSection(ProjectConfigurationPlatforms) = postSolution
		{77C84BE5-C938-4C77-BE98-99A1F7C1DE13}.Debug|Any CPU.ActiveCfg = Debug|Any CPU
		{77C84BE5-C938-4C77-BE98-99A1F7C1DE13}.Debug|Any CPU.Build.0 = Debug|Any CPU
		{77C84BE5-C938-4C77-BE98-99A1F7C1DE13}.Release|Any CPU.ActiveCfg = Release|Any CPU
		{77C84BE5-C938-4C77-BE98-99A1F7C1DE13}.Release|Any CPU.Build.0 = Release|Any CPU
	EndGlobalSection
	GlobalSection(SolutionProperties) = preSolution
		HideSolutionNode = FALSE
	EndGlobalSection
	GlobalSection(ExtensibilityGlobals) = postSolution
		SolutionGuid = {E37B96A1-F494-48E6-A3CA-908FF80E4D39}
	EndGlobalSection
EndGlobal
